{
  "name": "server",
  "version": "1.0.0",
  "lockfileVersion": 1,
  "requires": true,
  "dependencies": {
    "@cspotcode/source-map-support": {
      "version": "0.8.1",
      "resolved": "https://registry.npmjs.org/@cspotcode/source-map-support/-/source-map-support-0.8.1.tgz",
      "integrity": "sha512-IchNf6dN4tHoMFIn/7OE8LWZ19Y6q/67Bmf6vnGREv8RSbBVb9LPJxEcnwrcwX6ixSvaiGoomAUvu4YSxXrVgw==",
      "dev": true,
      "requires": {
        "@jridgewell/trace-mapping": "0.3.9"
      }
    },
    "@envelop/core": {
      "version": "2.3.3",
      "resolved": "https://registry.npmjs.org/@envelop/core/-/core-2.3.3.tgz",
      "integrity": "sha512-ZWlBXTd35Uwp4cKRsU36NqgpSwXAIe34tXHWUjI7n/TDgOZ0hcgvhQ+nF1dGLsJted0gqnfVX8ZceX30lTGgDg==",
      "requires": {
        "@envelop/types": "2.2.1"
      }
    },
    "@envelop/parser-cache": {
      "version": "4.3.3",
      "resolved": "https://registry.npmjs.org/@envelop/parser-cache/-/parser-cache-4.3.3.tgz",
      "integrity": "sha512-JfgKynw/OtY+xxzGvQuaiojPYqpxmS6fh4CWc0G/SBjb4keeZ/9yCUANRMT7xN2R9lb2dKwkKS+VGd8Zp7tMWQ==",
      "requires": {
        "tiny-lru": "7.0.6"
      }
    },
    "@envelop/types": {
      "version": "2.2.1",
      "resolved": "https://registry.npmjs.org/@envelop/types/-/types-2.2.1.tgz",
      "integrity": "sha512-TONrQ8a2/y0emVhdIRhAJzqCXWtaTBLv+JnYVmihR9Iw8ETyVbZOuReB9EuSGZHciKtpkQXTjD/gq5wVMIa47g=="
    },
    "@envelop/validation-cache": {
      "version": "4.3.3",
      "resolved": "https://registry.npmjs.org/@envelop/validation-cache/-/validation-cache-4.3.3.tgz",
      "integrity": "sha512-NchRKNGA1gegzFoxi3/PLe3qQThq5DezP+RKalCiTuFwEd89TQo3rugHJXZX6tZNmw6jJ3eTnE9ouOMKvwVo+Q==",
      "requires": {
        "tiny-lru": "7.0.6"
      }
    },
    "@graphql-tools/merge": {
      "version": "8.2.14",
      "resolved": "https://registry.npmjs.org/@graphql-tools/merge/-/merge-8.2.14.tgz",
      "integrity": "sha512-od6lTF732nwPX91G79eiJf+dyRBHxCaKe7QL4IYeH4d1k+NYqx/ihYpFJNjDaqxmpHH92Hr+TxsP9SYRK3/QKg==",
      "requires": {
        "@graphql-tools/utils": "8.6.13",
        "tslib": "^2.4.0"
      }
    },
    "@graphql-tools/schema": {
      "version": "8.3.14",
      "resolved": "https://registry.npmjs.org/@graphql-tools/schema/-/schema-8.3.14.tgz",
      "integrity": "sha512-ntA4pKwyyPHFFKcIw17FfqGZAiTNZl0tHieQpPIkN5fPc4oHcXOfaj1vBjtIC/Qn6H7XBBu3l2kMA8FpobdxTQ==",
      "requires": {
        "@graphql-tools/merge": "8.2.14",
        "@graphql-tools/utils": "8.6.13",
        "tslib": "^2.4.0",
        "value-or-promise": "1.0.11"
      }
    },
    "@graphql-tools/utils": {
      "version": "8.6.13",
      "resolved": "https://registry.npmjs.org/@graphql-tools/utils/-/utils-8.6.13.tgz",
      "integrity": "sha512-FiVqrQzj4cgz0HcZ3CxUs8NtBGPZFpmsVyIgwmL6YCwIhjJQnT72h8G3/vk5zVfjfesht85YGp0inWWuoCKWzg==",
      "requires": {
        "tslib": "^2.4.0"
      }
    },
    "@graphql-typed-document-node/core": {
      "version": "3.1.1",
      "resolved": "https://registry.npmjs.org/@graphql-typed-document-node/core/-/core-3.1.1.tgz",
      "integrity": "sha512-NQ17ii0rK1b34VZonlmT2QMJFI70m0TRwbknO/ihlbatXyaktDhN/98vBiUU6kNBPljqGqyIrl2T4nY2RpFANg=="
    },
    "@graphql-yoga/common": {
      "version": "2.8.3",
      "resolved": "https://registry.npmjs.org/@graphql-yoga/common/-/common-2.8.3.tgz",
      "integrity": "sha512-+cRGTStDPYTyofU7+dVqrnW6GMNKOm3odmw3933s+BsOQYxkOpF++yoUksN5ylSQc+GNneMyDMHC9BQG4xw7Nw==",
      "requires": {
        "@envelop/core": "^2.0.0",
        "@envelop/parser-cache": "^4.0.0",
        "@envelop/validation-cache": "^4.0.0",
        "@graphql-tools/schema": "^8.3.1",
        "@graphql-tools/utils": "^8.6.0",
        "@graphql-typed-document-node/core": "^3.1.1",
        "@graphql-yoga/subscription": "2.0.0",
        "cross-undici-fetch": "^0.4.2",
        "dset": "^3.1.1",
        "tslib": "^2.3.1"
      }
    },
    "@graphql-yoga/node": {
      "version": "2.9.2",
      "resolved": "https://registry.npmjs.org/@graphql-yoga/node/-/node-2.9.2.tgz",
      "integrity": "sha512-cIwNL/Be9U2ev0SkCQE0Y0jamBCc+Jk4eapiq8K5FQCrB29KffN4dG1P+a/RClMlWo+cuAuMy55W8YGsf6p8sQ==",
      "requires": {
        "@envelop/core": "^2.0.0",
        "@graphql-tools/utils": "^8.6.0",
        "@graphql-yoga/common": "2.8.3",
        "@graphql-yoga/subscription": "2.0.0",
        "cross-undici-fetch": "^0.4.2",
        "tslib": "^2.3.1"
      }
    },
    "@graphql-yoga/subscription": {
      "version": "2.0.0",
      "resolved": "https://registry.npmjs.org/@graphql-yoga/subscription/-/subscription-2.0.0.tgz",
      "integrity": "sha512-HlG+gIddjIP3/BDrMZymdzmzDjNdYuSGMxx6+1JA83gAEVRDR4yOoT4QeNKYqRhLK9xca/Hxp1PfBpquSa244Q==",
      "requires": {
        "@repeaterjs/repeater": "^3.0.4",
        "tslib": "^2.3.1"
      }
    },
    "@jridgewell/resolve-uri": {
      "version": "3.0.7",
      "resolved": "https://registry.npmjs.org/@jridgewell/resolve-uri/-/resolve-uri-3.0.7.tgz",
      "integrity": "sha512-8cXDaBBHOr2pQ7j77Y6Vp5VDT2sIqWyWQ56TjEq4ih/a4iST3dItRe8Q9fp0rrIl9DoKhWQtUQz/YpOxLkXbNA==",
      "dev": true
    },
    "@jridgewell/sourcemap-codec": {
      "version": "1.4.13",
      "resolved": "https://registry.npmjs.org/@jridgewell/sourcemap-codec/-/sourcemap-codec-1.4.13.tgz",
      "integrity": "sha512-GryiOJmNcWbovBxTfZSF71V/mXbgcV3MewDe3kIMCLyIh5e7SKAeUZs+rMnJ8jkMolZ/4/VsdBmMrw3l+VdZ3w==",
      "dev": true
    },
    "@jridgewell/trace-mapping": {
      "version": "0.3.9",
      "resolved": "https://registry.npmjs.org/@jridgewell/trace-mapping/-/trace-mapping-0.3.9.tgz",
      "integrity": "sha512-3Belt6tdc8bPgAtbcmdtNJlirVoTmEb5e2gC94PnkwEW9jI6CAHUeoG85tjWP5WquqfavoMtMwiG4P926ZKKuQ==",
      "dev": true,
      "requires": {
        "@jridgewell/resolve-uri": "^3.0.3",
        "@jridgewell/sourcemap-codec": "^1.4.10"
      }
    },
    "@repeaterjs/repeater": {
      "version": "3.0.4",
      "resolved": "https://registry.npmjs.org/@repeaterjs/repeater/-/repeater-3.0.4.tgz",
      "integrity": "sha512-AW8PKd6iX3vAZ0vA43nOUOnbq/X5ihgU+mSXXqunMkeQADGiqw/PY0JNeYtD5sr0PAy51YPgAPbDoeapv9r8WA=="
    },
    "@tsconfig/node10": {
      "version": "1.0.9",
      "resolved": "https://registry.npmjs.org/@tsconfig/node10/-/node10-1.0.9.tgz",
      "integrity": "sha512-jNsYVVxU8v5g43Erja32laIDHXeoNvFEpX33OK4d6hljo3jDhCBDhx5dhCCTMWUojscpAagGiRkBKxpdl9fxqA==",
      "dev": true
    },
    "@tsconfig/node12": {
      "version": "1.0.11",
      "resolved": "https://registry.npmjs.org/@tsconfig/node12/-/node12-1.0.11.tgz",
      "integrity": "sha512-cqefuRsh12pWyGsIoBKJA9luFu3mRxCA+ORZvA4ktLSzIuCUtWVxGIuXigEwO5/ywWFMZ2QEGKWvkZG1zDMTag==",
      "dev": true
    },
    "@tsconfig/node14": {
      "version": "1.0.3",
      "resolved": "https://registry.npmjs.org/@tsconfig/node14/-/node14-1.0.3.tgz",
      "integrity": "sha512-ysT8mhdixWK6Hw3i1V2AeRqZ5WfXg1G43mqoYlM2nc6388Fq5jcXyr5mRsqViLx/GJYdoL0bfXD8nmF+Zn/Iow==",
      "dev": true
    },
    "@tsconfig/node16": {
      "version": "1.0.3",
      "resolved": "https://registry.npmjs.org/@tsconfig/node16/-/node16-1.0.3.tgz",
      "integrity": "sha512-yOlFc+7UtL/89t2ZhjPvvB/DeAr3r+Dq58IgzsFkOAvVC6NMJXmCGjbptdXdR9qsX7pKcTL+s87FtYREi2dEEQ==",
      "dev": true
    },
    "abort-controller": {
      "version": "3.0.0",
      "resolved": "https://registry.npmjs.org/abort-controller/-/abort-controller-3.0.0.tgz",
      "integrity": "sha512-h8lQ8tacZYnR3vNQTgibj+tODHI5/+l06Au2Pcriv/Gmet0eaj4TwWH41sO9wnHDiQsEj19q0drzdWdeAHtweg==",
      "requires": {
        "event-target-shim": "^5.0.0"
      }
    },
    "acorn": {
      "version": "8.7.1",
      "resolved": "https://registry.npmjs.org/acorn/-/acorn-8.7.1.tgz",
      "integrity": "sha512-Xx54uLJQZ19lKygFXOWsscKUbsBZW0CPykPhVQdhIeIwrbPmJzqeASDInc8nKBnp/JT6igTs82qPXz069H8I/A==",
      "dev": true
    },
    "acorn-walk": {
      "version": "8.2.0",
      "resolved": "https://registry.npmjs.org/acorn-walk/-/acorn-walk-8.2.0.tgz",
      "integrity": "sha512-k+iyHEuPgSw6SbuDpGQM+06HQUa04DZ3o+F6CSzXMvvI5KMvnaEqXe+YVe555R9nn6GPt404fos4wcgpw12SDA==",
      "dev": true
    },
    "arg": {
      "version": "4.1.3",
      "resolved": "https://registry.npmjs.org/arg/-/arg-4.1.3.tgz",
      "integrity": "sha512-58S9QDqG0Xx27YwPSt9fJxivjYl432YCwfDMfZ+71RAqUrZef7LrKQZ3LHLOwCS4FLNBplP533Zx895SeOCHvA==",
      "dev": true
    },
    "busboy": {
      "version": "1.6.0",
      "resolved": "https://registry.npmjs.org/busboy/-/busboy-1.6.0.tgz",
      "integrity": "sha512-8SFQbg/0hQ9xy3UNTB0YEnsNBbWfhf7RtnzpL7TkBiTBRfrQ9Fxcnz7VJsleJpyp6rVLvXiuORqjlHi5q+PYuA==",
      "requires": {
        "streamsearch": "^1.1.0"
      }
    },
    "create-require": {
      "version": "1.1.1",
      "resolved": "https://registry.npmjs.org/create-require/-/create-require-1.1.1.tgz",
      "integrity": "sha512-dcKFX3jn0MpIaXjisoRvexIJVEKzaq7z2rZKxf+MSr9TkdmHmsU4m2lcLojrj/FHl8mk5VxMmYA+ftRkP/3oKQ==",
      "dev": true
    },
    "cross-undici-fetch": {
      "version": "0.4.7",
      "resolved": "https://registry.npmjs.org/cross-undici-fetch/-/cross-undici-fetch-0.4.7.tgz",
      "integrity": "sha512-e5KZdjHigxFECfw1B7cjmXLm3yT8eiffSJYUSyIWxy6c+f/MGiJsV1NHegZvG23ZgQ0o8rNaZxbtu5NdF5FmwQ==",
      "requires": {
        "abort-controller": "^3.0.0",
        "busboy": "^1.6.0",
        "form-data-encoder": "^1.7.1",
        "formdata-node": "^4.3.1",
        "node-fetch": "^2.6.7",
        "undici": "^5.1.0",
        "web-streams-polyfill": "^3.2.0"
      }
    },
    "diff": {
      "version": "4.0.2",
      "resolved": "https://registry.npmjs.org/diff/-/diff-4.0.2.tgz",
      "integrity": "sha512-58lmxKSA4BNyLz+HHMUzlOEpg09FV+ev6ZMe3vJihgdxzgcwZ8VoEEPmALCZG9LmqfVoNMMKpttIYTVG6uDY7A==",
      "dev": true
    },
    "dset": {
      "version": "3.1.2",
      "resolved": "https://registry.npmjs.org/dset/-/dset-3.1.2.tgz",
      "integrity": "sha512-g/M9sqy3oHe477Ar4voQxWtaPIFw1jTdKZuomOjhCcBx9nHUNn0pu6NopuFFrTh/TRZIKEj+76vLWFu9BNKk+Q=="
    },
    "event-target-shim": {
      "version": "5.0.1",
      "resolved": "https://registry.npmjs.org/event-target-shim/-/event-target-shim-5.0.1.tgz",
      "integrity": "sha512-i/2XbnSz/uxRCU6+NdVJgKWDTM427+MqYbkQzD321DuCQJUqOuJKIA0IM2+W2xtYHdKOmZ4dR6fExsd4SXL+WQ=="
    },
    "form-data-encoder": {
      "version": "1.7.2",
      "resolved": "https://registry.npmjs.org/form-data-encoder/-/form-data-encoder-1.7.2.tgz",
      "integrity": "sha512-qfqtYan3rxrnCk1VYaA4H+Ms9xdpPqvLZa6xmMgFvhO32x7/3J/ExcTd6qpxM0vH2GdMI+poehyBZvqfMTto8A=="
    },
    "formdata-node": {
      "version": "4.3.3",
      "resolved": "https://registry.npmjs.org/formdata-node/-/formdata-node-4.3.3.tgz",
      "integrity": "sha512-coTew7WODO2vF+XhpUdmYz4UBvlsiTMSNaFYZlrXIqYbFd4W7bMwnoALNLE6uvNgzTg2j1JDF0ZImEfF06VPAA==",
      "requires": {
        "node-domexception": "1.0.0",
        "web-streams-polyfill": "4.0.0-beta.1"
      },
      "dependencies": {
        "web-streams-polyfill": {
          "version": "4.0.0-beta.1",
          "resolved": "https://registry.npmjs.org/web-streams-polyfill/-/web-streams-polyfill-4.0.0-beta.1.tgz",
          "integrity": "sha512-3ux37gEX670UUphBF9AMCq8XM6iQ8Ac6A+DSRRjDoRBm1ufCkaCDdNVbaqq60PsEkdNlLKrGtv/YBP4EJXqNtQ=="
        }
      }
    },
    "graphql": {
      "version": "16.5.0",
      "resolved": "https://registry.npmjs.org/graphql/-/graphql-16.5.0.tgz",
      "integrity": "sha512-qbHgh8Ix+j/qY+a/ZcJnFQ+j8ezakqPiHwPiZhV/3PgGlgf96QMBB5/f2rkiC9sgLoy/xvT6TSiaf2nTHJh5iA=="
    },
    "make-error": {
      "version": "1.3.6",
      "resolved": "https://registry.npmjs.org/make-error/-/make-error-1.3.6.tgz",
      "integrity": "sha512-s8UhlNe7vPKomQhC1qFelMokr/Sc3AgNbso3n74mVPA5LTZwkB9NlXf4XPamLxJE8h0gh73rM94xvwRT2CVInw==",
      "dev": true
    },
    "node-domexception": {
      "version": "1.0.0",
      "resolved": "https://registry.npmjs.org/node-domexception/-/node-domexception-1.0.0.tgz",
      "integrity": "sha512-/jKZoMpw0F8GRwl4/eLROPA3cfcXtLApP0QzLmUT/HuPCZWyB7IY9ZrMeKw2O/nFIqPQB3PVM9aYm0F312AXDQ=="
    },
    "node-fetch": {
      "version": "2.6.7",
      "resolved": "https://registry.npmjs.org/node-fetch/-/node-fetch-2.6.7.tgz",
      "integrity": "sha512-ZjMPFEfVx5j+y2yF35Kzx5sF7kDzxuDj6ziH4FFbOp87zKDZNx8yExJIb05OGF4Nlt9IHFIMBkRl41VdvcNdbQ==",
      "requires": {
        "whatwg-url": "^5.0.0"
      }
    },
    "streamsearch": {
      "version": "1.1.0",
      "resolved": "https://registry.npmjs.org/streamsearch/-/streamsearch-1.1.0.tgz",
      "integrity": "sha512-Mcc5wHehp9aXz1ax6bZUyY5afg9u2rv5cqQI3mRrYkGC8rW2hM02jWuwjtL++LS5qinSyhj2QfLyNsuc+VsExg=="
    },
    "tiny-lru": {
      "version": "7.0.6",
      "resolved": "https://registry.npmjs.org/tiny-lru/-/tiny-lru-7.0.6.tgz",
      "integrity": "sha512-zNYO0Kvgn5rXzWpL0y3RS09sMK67eGaQj9805jlK9G6pSadfriTczzLHFXa/xcW4mIRfmlB9HyQ/+SgL0V1uow=="
    },
    "tr46": {
      "version": "0.0.3",
      "resolved": "https://registry.npmjs.org/tr46/-/tr46-0.0.3.tgz",
      "integrity": "sha512-N3WMsuqV66lT30CrXNbEjx4GEwlow3v6rr4mCcv6prnfwhS01rkgyFdjPNBYd9br7LpXV1+Emh01fHnq2Gdgrw=="
    },
    "ts-node": {
      "version": "10.8.1",
      "resolved": "https://registry.npmjs.org/ts-node/-/ts-node-10.8.1.tgz",
      "integrity": "sha512-Wwsnao4DQoJsN034wePSg5nZiw4YKXf56mPIAeD6wVmiv+RytNSWqc2f3fKvcUoV+Yn2+yocD71VOfQHbmVX4g==",
      "dev": true,
      "requires": {
        "@cspotcode/source-map-support": "^0.8.0",
        "@tsconfig/node10": "^1.0.7",
        "@tsconfig/node12": "^1.0.7",
        "@tsconfig/node14": "^1.0.0",
        "@tsconfig/node16": "^1.0.2",
        "acorn": "^8.4.1",
        "acorn-walk": "^8.1.1",
        "arg": "^4.1.0",
        "create-require": "^1.1.0",
        "diff": "^4.0.1",
        "make-error": "^1.1.1",
        "v8-compile-cache-lib": "^3.0.1",
        "yn": "3.1.1"
      }
    },
    "tslib": {
      "version": "2.4.0",
      "resolved": "https://registry.npmjs.org/tslib/-/tslib-2.4.0.tgz",
      "integrity": "sha512-d6xOpEDfsi2CZVlPQzGeux8XMwLT9hssAsaPYExaQMuYskwb+x1x7J371tWlbBdWHroy99KnVB6qIkUbs5X3UQ=="
    },
    "typescript": {
      "version": "4.7.4",
      "resolved": "https://registry.npmjs.org/typescript/-/typescript-4.7.4.tgz",
      "integrity": "sha512-C0WQT0gezHuw6AdY1M2jxUO83Rjf0HP7Sk1DtXj6j1EwkQNZrHAg2XPWlq62oqEhYvONq5pkC2Y9oPljWToLmQ==",
      "dev": true
    },
    "undici": {
      "version": "5.5.1",
      "resolved": "https://registry.npmjs.org/undici/-/undici-5.5.1.tgz",
      "integrity": "sha512-MEvryPLf18HvlCbLSzCW0U00IMftKGI5udnjrQbC5D4P0Hodwffhv+iGfWuJwg16Y/TK11ZFK8i+BPVW2z/eAw=="
    },
    "v8-compile-cache-lib": {
      "version": "3.0.1",
      "resolved": "https://registry.npmjs.org/v8-compile-cache-lib/-/v8-compile-cache-lib-3.0.1.tgz",
      "integrity": "sha512-wa7YjyUGfNZngI/vtK0UHAN+lgDCxBPCylVXGp0zu59Fz5aiGtNXaq3DhIov063MorB+VfufLh3JlF2KdTK3xg==",
      "dev": true
    },
    "value-or-promise": {
      "version": "1.0.11",
      "resolved": "https://registry.npmjs.org/value-or-promise/-/value-or-promise-1.0.11.tgz",
      "integrity": "sha512-41BrgH+dIbCFXClcSapVs5M6GkENd3gQOJpEfPDNa71LsUGMXDL0jMWpI/Rh7WhX+Aalfz2TTS3Zt5pUsbnhLg=="
    },
    "web-streams-polyfill": {
      "version": "3.2.1",
      "resolved": "https://registry.npmjs.org/web-streams-polyfill/-/web-streams-polyfill-3.2.1.tgz",
      "integrity": "sha512-e0MO3wdXWKrLbL0DgGnUV7WHVuw9OUvL4hjgnPkIeEvESk74gAITi5G606JtZPp39cd8HA9VQzCIvA49LpPN5Q=="
    },
    "webidl-conversions": {
      "version": "3.0.1",
      "resolved": "https://registry.npmjs.org/webidl-conversions/-/webidl-conversions-3.0.1.tgz",
      "integrity": "sha512-2JAn3z8AR6rjK8Sm8orRC0h/bcl/DqL7tRPdGZ4I1CjdF+EaMLmYxBHyXuKL849eucPFhvBoxMsflfOb8kxaeQ=="
    },
    "whatwg-url": {
      "version": "5.0.0",
      "resolved": "https://registry.npmjs.org/whatwg-url/-/whatwg-url-5.0.0.tgz",
      "integrity": "sha512-saE57nupxk6v3HY35+jzBwYa0rKSy0XR8JSxZPwgLr7ys0IBzhGviA1/TUGJLmSVqs8pb9AnvICXEuOHLprYTw==",
      "requires": {
        "tr46": "~0.0.3",
        "webidl-conversions": "^3.0.0"
      }
    },
    "yn": {
      "version": "3.1.1",
      "resolved": "https://registry.npmjs.org/yn/-/yn-3.1.1.tgz",
      "integrity": "sha512-Ux4ygGWsu2c7isFWe8Yu1YluJmqVhxqK2cLXNQA5AcC3QfbGNpM7fu0Y8b/z16pXLnFxZYvWhd3fhBY9DLmC6Q==",
      "dev": true
    }
  }
}
